
Microsoft Visual Studio Solution File, Format Version 12.00
# Visual Studio 2012
Project("{FAE04EC0-301F-11D3-BF4B-00C04F79EFBC}") = "BluDotNet.Dominio", "BluDotNet.Dominio\BluDotNet.Dominio.csproj", "{43D389AD-07C1-498A-9A78-0B448B6B6271}"
EndProject
Project("{FAE04EC0-301F-11D3-BF4B-00C04F79EFBC}") = "BluDotNet.Dominio.Testes", "BluDotNet.Dominio.Testes\BluDotNet.Dominio.Testes.csproj", "{BDC84DCE-185E-4593-97FD-42B1A1B90736}"
EndProject
Project("{2150E333-8FDC-42A3-9474-1A3956D46DE8}") = ".nuget", ".nuget", "{CA4C6C4E-EDF9-4343-B5B8-9270304ECD28}"
	ProjectSection(SolutionItems) = preProject
		.nuget\packages.config = .nuget\packages.config
	EndProjectSection
EndProject
Global
	GlobalSection(SolutionConfigurationPlatforms) = preSolution
		Debug|Any CPU = Debug|Any CPU
		Release|Any CPU = Release|Any CPU
	EndGlobalSection
	GlobalSection(ProjectConfigurationPlatforms) = postSolution
		{43D389AD-07C1-498A-9A78-0B448B6B6271}.Debug|Any CPU.ActiveCfg = Debug|Any CPU
		{43D389AD-07C1-498A-9A78-0B448B6B6271}.Debug|Any CPU.Build.0 = Debug|Any CPU
		{43D389AD-07C1-498A-9A78-0B448B6B6271}.Release|Any CPU.ActiveCfg = Release|Any CPU
		{43D389AD-07C1-498A-9A78-0B448B6B6271}.Release|Any CPU.Build.0 = Release|Any CPU
		{BDC84DCE-185E-4593-97FD-42B1A1B90736}.Debug|Any CPU.ActiveCfg = Debug|Any CPU
		{BDC84DCE-185E-4593-97FD-42B1A1B90736}.Debug|Any CPU.Build.0 = Debug|Any CPU
		{BDC84DCE-185E-4593-97FD-42B1A1B90736}.Release|Any CPU.ActiveCfg = Release|Any CPU
		{BDC84DCE-185E-4593-97FD-42B1A1B90736}.Release|Any CPU.Build.0 = Release|Any CPU
	EndGlobalSection
	GlobalSection(SolutionProperties) = preSolution
		HideSolutionNode = FALSE
	EndGlobalSection
EndGlobal
